
Microsoft Visual Studio Solution File, Format Version 12.00
# Visual Studio Version 17
VisualStudioVersion = 17.4.33205.214
MinimumVisualStudioVersion = 10.0.40219.1
Project("{9A19103F-16F7-4668-BE54-9A1E7A4F7556}") = "CustomerWebsite", "CustomerWebsite\CustomerWebsite.csproj", "{3A73F8F4-0C4D-4165-9AF1-183F6BC59830}"
EndProject
Project("{9A19103F-16F7-4668-BE54-9A1E7A4F7556}") = "WebApi", "WebApi\WebApi.csproj", "{725CBB02-9C7F-4EF4-B2CA-7AF578EB2926}"
EndProject
Project("{9A19103F-16F7-4668-BE54-9A1E7A4F7556}") = "AdminWebsite", "AdminWebsite\AdminWebsite.csproj", "{0EABD418-58F7-43A3-9A15-3681DEE9CE63}"
EndProject
Global
	GlobalSection(SolutionConfigurationPlatforms) = preSolution
		Debug|Any CPU = Debug|Any CPU
		Release|Any CPU = Release|Any CPU
	EndGlobalSection
	GlobalSection(ProjectConfigurationPlatforms) = postSolution
		{3A73F8F4-0C4D-4165-9AF1-183F6BC59830}.Debug|Any CPU.ActiveCfg = Debug|Any CPU
		{3A73F8F4-0C4D-4165-9AF1-183F6BC59830}.Debug|Any CPU.Build.0 = Debug|Any CPU
		{3A73F8F4-0C4D-4165-9AF1-183F6BC59830}.Release|Any CPU.ActiveCfg = Release|Any CPU
		{3A73F8F4-0C4D-4165-9AF1-183F6BC59830}.Release|Any CPU.Build.0 = Release|Any CPU
		{725CBB02-9C7F-4EF4-B2CA-7AF578EB2926}.Debug|Any CPU.ActiveCfg = Debug|Any CPU
		{725CBB02-9C7F-4EF4-B2CA-7AF578EB2926}.Debug|Any CPU.Build.0 = Debug|Any CPU
		{725CBB02-9C7F-4EF4-B2CA-7AF578EB2926}.Release|Any CPU.ActiveCfg = Release|Any CPU
		{725CBB02-9C7F-4EF4-B2CA-7AF578EB2926}.Release|Any CPU.Build.0 = Release|Any CPU
		{0EABD418-58F7-43A3-9A15-3681DEE9CE63}.Debug|Any CPU.ActiveCfg = Debug|Any CPU
		{0EABD418-58F7-43A3-9A15-3681DEE9CE63}.Debug|Any CPU.Build.0 = Debug|Any CPU
		{0EABD418-58F7-43A3-9A15-3681DEE9CE63}.Release|Any CPU.ActiveCfg = Release|Any CPU
		{0EABD418-58F7-43A3-9A15-3681DEE9CE63}.Release|Any CPU.Build.0 = Release|Any CPU
	EndGlobalSection
	GlobalSection(SolutionProperties) = preSolution
		HideSolutionNode = FALSE
	EndGlobalSection
	GlobalSection(ExtensibilityGlobals) = postSolution
		SolutionGuid = {89DAC138-8ACD-40D1-9A63-6C9A65D53562}
	EndGlobalSection
EndGlobal
